
Microsoft Visual Studio Solution File, Format Version 12.00
# Visual Studio Version 17
VisualStudioVersion = 17.2.32602.215
MinimumVisualStudioVersion = 10.0.40219.1
Project("{2150E333-8FDC-42A3-9474-1A3956D46DE8}") = "Core", "Core", "{37A2A81E-A706-43AD-B222-BA646B47257C}"
EndProject
Project("{2150E333-8FDC-42A3-9474-1A3956D46DE8}") = "Infrastructure", "Infrastructure", "{9A86BF2C-7172-49C6-BB69-73C04B3EC63C}"
EndProject
Project("{2150E333-8FDC-42A3-9474-1A3956D46DE8}") = "Presentation", "Presentation", "{8333754F-A315-460B-854F-70CECBC7FC66}"
EndProject
Project("{2150E333-8FDC-42A3-9474-1A3956D46DE8}") = "Tests", "Tests", "{08F5BF1F-EDC4-423B-9735-D75FFE7CD24D}"
EndProject
Project("{9A19103F-16F7-4668-BE54-9A1E7A4F7556}") = "Notes.Domain", "NotesDomain\Notes.Domain.csproj", "{B31E2390-41CB-46B7-A56B-5C643CBC655D}"
EndProject
Project("{9A19103F-16F7-4668-BE54-9A1E7A4F7556}") = "Notes.Application", "NotesApplication\Notes.Application.csproj", "{47BCAB69-C71A-4A4A-8781-FC9BD8F40996}"
EndProject
Project("{9A19103F-16F7-4668-BE54-9A1E7A4F7556}") = "Notes.Persistence", "Notes.Persistence\Notes.Persistence.csproj", "{C1401344-B47C-4C26-83E9-40E76B2F7C69}"
EndProject
Project("{9A19103F-16F7-4668-BE54-9A1E7A4F7556}") = "Notes.WebAPI", "Notes.WebAPI\Notes.WebAPI.csproj", "{EE7D73DD-A257-410F-9F64-32EE5816B906}"
EndProject
Project("{2150E333-8FDC-42A3-9474-1A3956D46DE8}") = "NotesWebApi.Backend", "NotesWebApi.Backend", "{B1651E5E-281A-4BA9-A3A7-360E6CD44BB2}"
EndProject
Project("{9A19103F-16F7-4668-BE54-9A1E7A4F7556}") = "Notes.Identity", "Notes.Identity\Notes.Identity.csproj", "{D8EACD67-1BD4-4651-A846-88E23DD23A2B}"
EndProject
Global
	GlobalSection(SolutionConfigurationPlatforms) = preSolution
		Debug|Any CPU = Debug|Any CPU
		Release|Any CPU = Release|Any CPU
	EndGlobalSection
	GlobalSection(ProjectConfigurationPlatforms) = postSolution
		{B31E2390-41CB-46B7-A56B-5C643CBC655D}.Debug|Any CPU.ActiveCfg = Debug|Any CPU
		{B31E2390-41CB-46B7-A56B-5C643CBC655D}.Debug|Any CPU.Build.0 = Debug|Any CPU
		{B31E2390-41CB-46B7-A56B-5C643CBC655D}.Release|Any CPU.ActiveCfg = Release|Any CPU
		{B31E2390-41CB-46B7-A56B-5C643CBC655D}.Release|Any CPU.Build.0 = Release|Any CPU
		{47BCAB69-C71A-4A4A-8781-FC9BD8F40996}.Debug|Any CPU.ActiveCfg = Debug|Any CPU
		{47BCAB69-C71A-4A4A-8781-FC9BD8F40996}.Debug|Any CPU.Build.0 = Debug|Any CPU
		{47BCAB69-C71A-4A4A-8781-FC9BD8F40996}.Release|Any CPU.ActiveCfg = Release|Any CPU
		{47BCAB69-C71A-4A4A-8781-FC9BD8F40996}.Release|Any CPU.Build.0 = Release|Any CPU
		{C1401344-B47C-4C26-83E9-40E76B2F7C69}.Debug|Any CPU.ActiveCfg = Debug|Any CPU
		{C1401344-B47C-4C26-83E9-40E76B2F7C69}.Debug|Any CPU.Build.0 = Debug|Any CPU
		{C1401344-B47C-4C26-83E9-40E76B2F7C69}.Release|Any CPU.ActiveCfg = Release|Any CPU
		{C1401344-B47C-4C26-83E9-40E76B2F7C69}.Release|Any CPU.Build.0 = Release|Any CPU
		{EE7D73DD-A257-410F-9F64-32EE5816B906}.Debug|Any CPU.ActiveCfg = Debug|Any CPU
		{EE7D73DD-A257-410F-9F64-32EE5816B906}.Debug|Any CPU.Build.0 = Debug|Any CPU
		{EE7D73DD-A257-410F-9F64-32EE5816B906}.Release|Any CPU.ActiveCfg = Release|Any CPU
		{EE7D73DD-A257-410F-9F64-32EE5816B906}.Release|Any CPU.Build.0 = Release|Any CPU
		{D8EACD67-1BD4-4651-A846-88E23DD23A2B}.Debug|Any CPU.ActiveCfg = Debug|Any CPU
		{D8EACD67-1BD4-4651-A846-88E23DD23A2B}.Debug|Any CPU.Build.0 = Debug|Any CPU
		{D8EACD67-1BD4-4651-A846-88E23DD23A2B}.Release|Any CPU.ActiveCfg = Release|Any CPU
		{D8EACD67-1BD4-4651-A846-88E23DD23A2B}.Release|Any CPU.Build.0 = Release|Any CPU
	EndGlobalSection
	GlobalSection(SolutionProperties) = preSolution
		HideSolutionNode = FALSE
	EndGlobalSection
	GlobalSection(NestedProjects) = preSolution
		{37A2A81E-A706-43AD-B222-BA646B47257C} = {B1651E5E-281A-4BA9-A3A7-360E6CD44BB2}
		{9A86BF2C-7172-49C6-BB69-73C04B3EC63C} = {B1651E5E-281A-4BA9-A3A7-360E6CD44BB2}
		{8333754F-A315-460B-854F-70CECBC7FC66} = {B1651E5E-281A-4BA9-A3A7-360E6CD44BB2}
		{08F5BF1F-EDC4-423B-9735-D75FFE7CD24D} = {B1651E5E-281A-4BA9-A3A7-360E6CD44BB2}
		{B31E2390-41CB-46B7-A56B-5C643CBC655D} = {37A2A81E-A706-43AD-B222-BA646B47257C}
		{47BCAB69-C71A-4A4A-8781-FC9BD8F40996} = {37A2A81E-A706-43AD-B222-BA646B47257C}
		{C1401344-B47C-4C26-83E9-40E76B2F7C69} = {9A86BF2C-7172-49C6-BB69-73C04B3EC63C}
		{EE7D73DD-A257-410F-9F64-32EE5816B906} = {8333754F-A315-460B-854F-70CECBC7FC66}
	EndGlobalSection
	GlobalSection(ExtensibilityGlobals) = postSolution
		SolutionGuid = {923E0E99-2844-47C3-90D5-35B1777A6FC1}
	EndGlobalSection
EndGlobal
